
Microsoft Visual Studio Solution File, Format Version 12.00
# Visual Studio Version 17
VisualStudioVersion = 17.7.34031.279
MinimumVisualStudioVersion = 10.0.40219.1
Project("{FAE04EC0-301F-11D3-BF4B-00C04F79EFBC}") = "zadanie2_2", "zadanie2_2.csproj", "{7998F149-E344-42AC-AF24-A54C921311F5}"
EndProject
Global
	GlobalSection(SolutionConfigurationPlatforms) = preSolution
		Debug|Any CPU = Debug|Any CPU
		Release|Any CPU = Release|Any CPU
	EndGlobalSection
	GlobalSection(ProjectConfigurationPlatforms) = postSolution
		{7998F149-E344-42AC-AF24-A54C921311F5}.Debug|Any CPU.ActiveCfg = Debug|Any CPU
		{7998F149-E344-42AC-AF24-A54C921311F5}.Debug|Any CPU.Build.0 = Debug|Any CPU
		{7998F149-E344-42AC-AF24-A54C921311F5}.Release|Any CPU.ActiveCfg = Release|Any CPU
		{7998F149-E344-42AC-AF24-A54C921311F5}.Release|Any CPU.Build.0 = Release|Any CPU
	EndGlobalSection
	GlobalSection(SolutionProperties) = preSolution
		HideSolutionNode = FALSE
	EndGlobalSection
	GlobalSection(ExtensibilityGlobals) = postSolution
		SolutionGuid = {37354458-DD85-4620-96F1-587CD6AF05EC}
	EndGlobalSection
EndGlobal
