
Microsoft Visual Studio Solution File, Format Version 12.00
# Visual Studio Version 17
VisualStudioVersion = 17.8.34330.188
MinimumVisualStudioVersion = 10.0.40219.1
Project("{FAE04EC0-301F-11D3-BF4B-00C04F79EFBC}") = "zadanie6_7", "zadanie6_7.csproj", "{1E0A7BCC-B46B-45FD-A3AA-3CA406742D58}"
EndProject
Global
	GlobalSection(SolutionConfigurationPlatforms) = preSolution
		Debug|Any CPU = Debug|Any CPU
		Release|Any CPU = Release|Any CPU
	EndGlobalSection
	GlobalSection(ProjectConfigurationPlatforms) = postSolution
		{1E0A7BCC-B46B-45FD-A3AA-3CA406742D58}.Debug|Any CPU.ActiveCfg = Debug|Any CPU
		{1E0A7BCC-B46B-45FD-A3AA-3CA406742D58}.Debug|Any CPU.Build.0 = Debug|Any CPU
		{1E0A7BCC-B46B-45FD-A3AA-3CA406742D58}.Release|Any CPU.ActiveCfg = Release|Any CPU
		{1E0A7BCC-B46B-45FD-A3AA-3CA406742D58}.Release|Any CPU.Build.0 = Release|Any CPU
	EndGlobalSection
	GlobalSection(SolutionProperties) = preSolution
		HideSolutionNode = FALSE
	EndGlobalSection
	GlobalSection(ExtensibilityGlobals) = postSolution
		SolutionGuid = {EECB6A0D-F2C3-4F31-9F9E-69B22219B4B7}
	EndGlobalSection
EndGlobal
