
Microsoft Visual Studio Solution File, Format Version 12.00
# Visual Studio Version 17
VisualStudioVersion = 17.7.34031.279
MinimumVisualStudioVersion = 10.0.40219.1
Project("{FAE04EC0-301F-11D3-BF4B-00C04F79EFBC}") = "zadanie2_1", "zadanie2_1.csproj", "{9CA7071A-5EC9-443E-9019-C14961DFDC8B}"
EndProject
Global
	GlobalSection(SolutionConfigurationPlatforms) = preSolution
		Debug|Any CPU = Debug|Any CPU
		Release|Any CPU = Release|Any CPU
	EndGlobalSection
	GlobalSection(ProjectConfigurationPlatforms) = postSolution
		{9CA7071A-5EC9-443E-9019-C14961DFDC8B}.Debug|Any CPU.ActiveCfg = Debug|Any CPU
		{9CA7071A-5EC9-443E-9019-C14961DFDC8B}.Debug|Any CPU.Build.0 = Debug|Any CPU
		{9CA7071A-5EC9-443E-9019-C14961DFDC8B}.Release|Any CPU.ActiveCfg = Release|Any CPU
		{9CA7071A-5EC9-443E-9019-C14961DFDC8B}.Release|Any CPU.Build.0 = Release|Any CPU
	EndGlobalSection
	GlobalSection(SolutionProperties) = preSolution
		HideSolutionNode = FALSE
	EndGlobalSection
	GlobalSection(ExtensibilityGlobals) = postSolution
		SolutionGuid = {39FB6379-3A6A-4277-A265-FC2CBF13C3AA}
	EndGlobalSection
EndGlobal
