
Microsoft Visual Studio Solution File, Format Version 12.00
# Visual Studio Version 17
VisualStudioVersion = 17.8.34322.80
MinimumVisualStudioVersion = 10.0.40219.1
Project("{FAE04EC0-301F-11D3-BF4B-00C04F79EFBC}") = "zadanie5_7", "zadanie5_7.csproj", "{72F8F468-A0A0-4F3C-88D5-AAE885DFDBD7}"
EndProject
Global
	GlobalSection(SolutionConfigurationPlatforms) = preSolution
		Debug|Any CPU = Debug|Any CPU
		Release|Any CPU = Release|Any CPU
	EndGlobalSection
	GlobalSection(ProjectConfigurationPlatforms) = postSolution
		{72F8F468-A0A0-4F3C-88D5-AAE885DFDBD7}.Debug|Any CPU.ActiveCfg = Debug|Any CPU
		{72F8F468-A0A0-4F3C-88D5-AAE885DFDBD7}.Debug|Any CPU.Build.0 = Debug|Any CPU
		{72F8F468-A0A0-4F3C-88D5-AAE885DFDBD7}.Release|Any CPU.ActiveCfg = Release|Any CPU
		{72F8F468-A0A0-4F3C-88D5-AAE885DFDBD7}.Release|Any CPU.Build.0 = Release|Any CPU
	EndGlobalSection
	GlobalSection(SolutionProperties) = preSolution
		HideSolutionNode = FALSE
	EndGlobalSection
	GlobalSection(ExtensibilityGlobals) = postSolution
		SolutionGuid = {964D58AF-3A3D-4A55-8B07-67AD7A813A28}
	EndGlobalSection
EndGlobal
