
Microsoft Visual Studio Solution File, Format Version 12.00
# Visual Studio Version 17
VisualStudioVersion = 17.8.34322.80
MinimumVisualStudioVersion = 10.0.40219.1
Project("{FAE04EC0-301F-11D3-BF4B-00C04F79EFBC}") = "zadanie5_2", "zadanie5_2.csproj", "{A0443090-1C06-45F4-AC68-AA36E1DC8DD6}"
EndProject
Global
	GlobalSection(SolutionConfigurationPlatforms) = preSolution
		Debug|Any CPU = Debug|Any CPU
		Release|Any CPU = Release|Any CPU
	EndGlobalSection
	GlobalSection(ProjectConfigurationPlatforms) = postSolution
		{A0443090-1C06-45F4-AC68-AA36E1DC8DD6}.Debug|Any CPU.ActiveCfg = Debug|Any CPU
		{A0443090-1C06-45F4-AC68-AA36E1DC8DD6}.Debug|Any CPU.Build.0 = Debug|Any CPU
		{A0443090-1C06-45F4-AC68-AA36E1DC8DD6}.Release|Any CPU.ActiveCfg = Release|Any CPU
		{A0443090-1C06-45F4-AC68-AA36E1DC8DD6}.Release|Any CPU.Build.0 = Release|Any CPU
	EndGlobalSection
	GlobalSection(SolutionProperties) = preSolution
		HideSolutionNode = FALSE
	EndGlobalSection
	GlobalSection(ExtensibilityGlobals) = postSolution
		SolutionGuid = {B5D536A6-4AC7-443A-9B31-F67C0F8086A9}
	EndGlobalSection
EndGlobal
