
Microsoft Visual Studio Solution File, Format Version 12.00
# Visual Studio Version 16
VisualStudioVersion = 25.0.1706.6
MinimumVisualStudioVersion = 10.0.40219.1
Project("{FAE04EC0-301F-11D3-BF4B-00C04F79EFBC}") = "zadanie3_9", "zadanie3_9.csproj", "{6B445766-CD35-4F8C-9D43-C2782DF793BF}"
EndProject
Global
	GlobalSection(SolutionConfigurationPlatforms) = preSolution
		Debug|Any CPU = Debug|Any CPU
		Release|Any CPU = Release|Any CPU
	EndGlobalSection
	GlobalSection(ProjectConfigurationPlatforms) = postSolution
		{6B445766-CD35-4F8C-9D43-C2782DF793BF}.Debug|Any CPU.ActiveCfg = Debug|Any CPU
		{6B445766-CD35-4F8C-9D43-C2782DF793BF}.Debug|Any CPU.Build.0 = Debug|Any CPU
		{6B445766-CD35-4F8C-9D43-C2782DF793BF}.Release|Any CPU.ActiveCfg = Release|Any CPU
		{6B445766-CD35-4F8C-9D43-C2782DF793BF}.Release|Any CPU.Build.0 = Release|Any CPU
	EndGlobalSection
	GlobalSection(SolutionProperties) = preSolution
		HideSolutionNode = FALSE
	EndGlobalSection
	GlobalSection(ExtensibilityGlobals) = postSolution
		SolutionGuid = {6304DDE7-3860-4923-BACE-BB3269C14881}
	EndGlobalSection
EndGlobal
