
Microsoft Visual Studio Solution File, Format Version 12.00
# Visual Studio Version 16
VisualStudioVersion = 25.0.1706.6
MinimumVisualStudioVersion = 10.0.40219.1
Project("{FAE04EC0-301F-11D3-BF4B-00C04F79EFBC}") = "zadanie3_8", "zadanie3_8.csproj", "{22E99C3F-C07E-49FE-A406-EE3982E9BDC0}"
EndProject
Global
	GlobalSection(SolutionConfigurationPlatforms) = preSolution
		Debug|Any CPU = Debug|Any CPU
		Release|Any CPU = Release|Any CPU
	EndGlobalSection
	GlobalSection(ProjectConfigurationPlatforms) = postSolution
		{22E99C3F-C07E-49FE-A406-EE3982E9BDC0}.Debug|Any CPU.ActiveCfg = Debug|Any CPU
		{22E99C3F-C07E-49FE-A406-EE3982E9BDC0}.Debug|Any CPU.Build.0 = Debug|Any CPU
		{22E99C3F-C07E-49FE-A406-EE3982E9BDC0}.Release|Any CPU.ActiveCfg = Release|Any CPU
		{22E99C3F-C07E-49FE-A406-EE3982E9BDC0}.Release|Any CPU.Build.0 = Release|Any CPU
	EndGlobalSection
	GlobalSection(SolutionProperties) = preSolution
		HideSolutionNode = FALSE
	EndGlobalSection
	GlobalSection(ExtensibilityGlobals) = postSolution
		SolutionGuid = {6581C97E-7F36-42B2-B3E2-B97B4F506810}
	EndGlobalSection
EndGlobal
