
Microsoft Visual Studio Solution File, Format Version 12.00
# Visual Studio Version 16
VisualStudioVersion = 25.0.1706.7
MinimumVisualStudioVersion = 10.0.40219.1
Project("{FAE04EC0-301F-11D3-BF4B-00C04F79EFBC}") = "zadanie7_7", "zadanie7_7.csproj", "{15B0F752-3188-4F99-BD02-3599544FF507}"
EndProject
Global
	GlobalSection(SolutionConfigurationPlatforms) = preSolution
		Debug|Any CPU = Debug|Any CPU
		Release|Any CPU = Release|Any CPU
	EndGlobalSection
	GlobalSection(ProjectConfigurationPlatforms) = postSolution
		{15B0F752-3188-4F99-BD02-3599544FF507}.Debug|Any CPU.ActiveCfg = Debug|Any CPU
		{15B0F752-3188-4F99-BD02-3599544FF507}.Debug|Any CPU.Build.0 = Debug|Any CPU
		{15B0F752-3188-4F99-BD02-3599544FF507}.Release|Any CPU.ActiveCfg = Release|Any CPU
		{15B0F752-3188-4F99-BD02-3599544FF507}.Release|Any CPU.Build.0 = Release|Any CPU
	EndGlobalSection
	GlobalSection(SolutionProperties) = preSolution
		HideSolutionNode = FALSE
	EndGlobalSection
	GlobalSection(ExtensibilityGlobals) = postSolution
		SolutionGuid = {54493690-34CF-42D6-AFA9-015A2F32240D}
	EndGlobalSection
EndGlobal
