
Microsoft Visual Studio Solution File, Format Version 12.00
# Visual Studio Version 16
VisualStudioVersion = 25.0.1706.4
MinimumVisualStudioVersion = 10.0.40219.1
Project("{FAE04EC0-301F-11D3-BF4B-00C04F79EFBC}") = "zadanie2_3", "zadanie2_3.csproj", "{AD986E8E-9F3D-4559-A655-13D05F06EAC1}"
EndProject
Global
	GlobalSection(SolutionConfigurationPlatforms) = preSolution
		Debug|Any CPU = Debug|Any CPU
		Release|Any CPU = Release|Any CPU
	EndGlobalSection
	GlobalSection(ProjectConfigurationPlatforms) = postSolution
		{AD986E8E-9F3D-4559-A655-13D05F06EAC1}.Debug|Any CPU.ActiveCfg = Debug|Any CPU
		{AD986E8E-9F3D-4559-A655-13D05F06EAC1}.Debug|Any CPU.Build.0 = Debug|Any CPU
		{AD986E8E-9F3D-4559-A655-13D05F06EAC1}.Release|Any CPU.ActiveCfg = Release|Any CPU
		{AD986E8E-9F3D-4559-A655-13D05F06EAC1}.Release|Any CPU.Build.0 = Release|Any CPU
	EndGlobalSection
	GlobalSection(SolutionProperties) = preSolution
		HideSolutionNode = FALSE
	EndGlobalSection
	GlobalSection(ExtensibilityGlobals) = postSolution
		SolutionGuid = {60EC3794-C717-4776-B230-9F23434E5AE3}
	EndGlobalSection
EndGlobal
