
Microsoft Visual Studio Solution File, Format Version 12.00
# Visual Studio Version 17
VisualStudioVersion = 17.8.34322.80
MinimumVisualStudioVersion = 10.0.40219.1
Project("{FAE04EC0-301F-11D3-BF4B-00C04F79EFBC}") = "zadanie5_3", "zadanie5_3.csproj", "{10A332D5-3F0A-4C50-B89D-2EBCC8B5D7A4}"
EndProject
Global
	GlobalSection(SolutionConfigurationPlatforms) = preSolution
		Debug|Any CPU = Debug|Any CPU
		Release|Any CPU = Release|Any CPU
	EndGlobalSection
	GlobalSection(ProjectConfigurationPlatforms) = postSolution
		{10A332D5-3F0A-4C50-B89D-2EBCC8B5D7A4}.Debug|Any CPU.ActiveCfg = Debug|Any CPU
		{10A332D5-3F0A-4C50-B89D-2EBCC8B5D7A4}.Debug|Any CPU.Build.0 = Debug|Any CPU
		{10A332D5-3F0A-4C50-B89D-2EBCC8B5D7A4}.Release|Any CPU.ActiveCfg = Release|Any CPU
		{10A332D5-3F0A-4C50-B89D-2EBCC8B5D7A4}.Release|Any CPU.Build.0 = Release|Any CPU
	EndGlobalSection
	GlobalSection(SolutionProperties) = preSolution
		HideSolutionNode = FALSE
	EndGlobalSection
	GlobalSection(ExtensibilityGlobals) = postSolution
		SolutionGuid = {758BF38F-3485-4768-8985-862146F1C9B0}
	EndGlobalSection
EndGlobal
