
Microsoft Visual Studio Solution File, Format Version 12.00
# Visual Studio Version 16
VisualStudioVersion = 25.0.1706.5
MinimumVisualStudioVersion = 10.0.40219.1
Project("{FAE04EC0-301F-11D3-BF4B-00C04F79EFBC}") = "zadanie2_4", "zadanie2_4.csproj", "{C24E7098-F27E-47C5-8576-2E2047740931}"
EndProject
Global
	GlobalSection(SolutionConfigurationPlatforms) = preSolution
		Debug|Any CPU = Debug|Any CPU
		Release|Any CPU = Release|Any CPU
	EndGlobalSection
	GlobalSection(ProjectConfigurationPlatforms) = postSolution
		{C24E7098-F27E-47C5-8576-2E2047740931}.Debug|Any CPU.ActiveCfg = Debug|Any CPU
		{C24E7098-F27E-47C5-8576-2E2047740931}.Debug|Any CPU.Build.0 = Debug|Any CPU
		{C24E7098-F27E-47C5-8576-2E2047740931}.Release|Any CPU.ActiveCfg = Release|Any CPU
		{C24E7098-F27E-47C5-8576-2E2047740931}.Release|Any CPU.Build.0 = Release|Any CPU
	EndGlobalSection
	GlobalSection(SolutionProperties) = preSolution
		HideSolutionNode = FALSE
	EndGlobalSection
	GlobalSection(ExtensibilityGlobals) = postSolution
		SolutionGuid = {B741E75D-B770-4944-91F0-45E5E141E43C}
	EndGlobalSection
EndGlobal
